PODS:
  - Alamofire (5.7.1)
  - KeychainSwift (22.0.0)
  - Kingfisher (7.10.0)
  - Moya (15.0.0):
    - Moya/Core (= 15.0.0)
  - Moya/Core (15.0.0):
    - Alamofire (~> 5.0)
  - RxCocoa (6.6.0):
    - RxRelay (= 6.6.0)
    - RxSwift (= 6.6.0)
  - RxFlow (2.13.0):
    - RxCocoa (>= 6.0.0)
    - RxSwift (>= 6.0.0)
  - RxRelay (6.6.0):
    - RxSwift (= 6.6.0)
  - RxSwift (6.6.0)
  - SnapKit (5.6.0)
  - Swinject (2.8.7)
  - Then (3.0.0)

DEPENDENCIES:
  - Alamofire
  - KeychainSwift
  - Kingfisher
  - Moya
  - RxFlow
  - RxSwift
  - SnapKit
  - Swinject
  - Then

SPEC REPOS:
  trunk:
    - Alamofire
    - KeychainSwift
    - Kingfisher
    - Moya
    - RxCocoa
    - RxFlow
    - RxRelay
    - RxSwift
    - SnapKit
    - Swinject
    - Then

SPEC CHECKSUMS:
  Alamofire: 0123a34370cb170936ae79a8df46cc62b2edeb88
  KeychainSwift: 72f81155e1cb01c1bc4da296e4ce2cfcff556a12
  Kingfisher: a18f05d3b6d37d8650ee4a3e61d57a28fc6207f6
  Moya: 138f0573e53411fb3dc17016add0b748dfbd78ee
  RxCocoa: 44a80de90e25b739b5aeaae3c8c371a32e3343cc
  RxFlow: 52f6f6379918392c1ea8cb62d8dcf2df9a5463dd
  RxRelay: 45eaa5db8ee4fb50e5ebd57deec0159e97fa51e6
  RxSwift: a4b44f7d24599f674deebd1818eab82e58410632
  SnapKit: e01d52ebb8ddbc333eefe2132acf85c8227d9c25
  Swinject: fe8cbab252e12690484090d9cffa017485e268ce
  Then: 844265ae87834bbe1147d91d5d41a404da2ec27d

PODFILE CHECKSUM: f83cceb1a4d4e5b978b7c4de1c3a7ef7e2d2976a

COCOAPODS: 1.12.1
