// !$*UTF8*$!
{
	archiveVersion = 1;
	classes = {
	};
	objectVersion = 56;
	objects = {

/* Begin PBXBuildFile section */
		2B08C56A9F29D5E8E140B592 /* Pods_SCUL_iOS.framework in Frameworks */ = {isa = PBXBuildFile; fileRef = 4225D6FFE91DFDE37E9C07C3 /* Pods_SCUL_iOS.framework */; };
		4F3150292BCADEB50040EEFD /* AppDelegate.swift in Sources */ = {isa = PBXBuildFile; fileRef = 4F3150282BCADEB50040EEFD /* AppDelegate.swift */; };
		4F31502B2BCADEB50040EEFD /* SceneDelegate.swift in Sources */ = {isa = PBXBuildFile; fileRef = 4F31502A2BCADEB50040EEFD /* SceneDelegate.swift */; };
		4F3150322BCADEB60040EEFD /* Assets.xcassets in Resources */ = {isa = PBXBuildFile; fileRef = 4F3150312BCADEB60040EEFD /* Assets.xcassets */; };
		4F3150352BCADEB60040EEFD /* LaunchScreen.storyboard in Resources */ = {isa = PBXBuildFile; fileRef = 4F3150332BCADEB60040EEFD /* LaunchScreen.storyboard */; };
		4F3151472BD2E3860040EEFD /* WantedSans-Bold.otf in Resources */ = {isa = PBXBuildFile; fileRef = 4F3151402BD2E3860040EEFD /* WantedSans-Bold.otf */; };
		4F3151482BD2E3860040EEFD /* WantedSans-Medium.otf in Resources */ = {isa = PBXBuildFile; fileRef = 4F3151412BD2E3860040EEFD /* WantedSans-Medium.otf */; };
		4F3151492BD2E3860040EEFD /* WantedSans-Black.otf in Resources */ = {isa = PBXBuildFile; fileRef = 4F3151422BD2E3860040EEFD /* WantedSans-Black.otf */; };
		4F31514A2BD2E3860040EEFD /* WantedSans-SemiBold.otf in Resources */ = {isa = PBXBuildFile; fileRef = 4F3151432BD2E3860040EEFD /* WantedSans-SemiBold.otf */; };
		4F31514B2BD2E3860040EEFD /* WantedSans-ExtraBold.otf in Resources */ = {isa = PBXBuildFile; fileRef = 4F3151442BD2E3860040EEFD /* WantedSans-ExtraBold.otf */; };
		4F31514C2BD2E3860040EEFD /* WantedSans-Regular.otf in Resources */ = {isa = PBXBuildFile; fileRef = 4F3151452BD2E3860040EEFD /* WantedSans-Regular.otf */; };
		4F31514D2BD2E3860040EEFD /* WantedSans-ExtraBlack.otf in Resources */ = {isa = PBXBuildFile; fileRef = 4F3151462BD2E3860040EEFD /* WantedSans-ExtraBlack.otf */; };
		4F3151572BD3E27A0040EEFD /* Gray.xcassets in Resources */ = {isa = PBXBuildFile; fileRef = 4F3151562BD3E27A0040EEFD /* Gray.xcassets */; };
		4F3151592BD3E2920040EEFD /* Main.xcassets in Resources */ = {isa = PBXBuildFile; fileRef = 4F3151582BD3E2920040EEFD /* Main.xcassets */; };
		4F3151632BD4426C0040EEFD /* UIFont+Heading.swift in Sources */ = {isa = PBXBuildFile; fileRef = 4F3151622BD4426C0040EEFD /* UIFont+Heading.swift */; };
		4F3151652BD44B6D0040EEFD /* UIFont+SB.swift in Sources */ = {isa = PBXBuildFile; fileRef = 4F3151642BD44B6D0040EEFD /* UIFont+SB.swift */; };
		4F3151672BD44CBA0040EEFD /* UIFont+Body.swift in Sources */ = {isa = PBXBuildFile; fileRef = 4F3151662BD44CBA0040EEFD /* UIFont+Body.swift */; };
		4F3151692BD44CF20040EEFD /* UIFont+Caption.swift in Sources */ = {isa = PBXBuildFile; fileRef = 4F3151682BD44CF20040EEFD /* UIFont+Caption.swift */; };
		4F31516B2BD44D880040EEFD /* UIFont+Label.swift in Sources */ = {isa = PBXBuildFile; fileRef = 4F31516A2BD44D880040EEFD /* UIFont+Label.swift */; };
		4F31516D2BD44DBD0040EEFD /* UIFont+Button.swift in Sources */ = {isa = PBXBuildFile; fileRef = 4F31516C2BD44DBD0040EEFD /* UIFont+Button.swift */; };
		4F3838C32BD88098004C3615 /* Images.xcassets in Resources */ = {isa = PBXBuildFile; fileRef = 4F3838C22BD88098004C3615 /* Images.xcassets */; };
		4F3838C62BD881E3004C3615 /* UIImage.swift in Sources */ = {isa = PBXBuildFile; fileRef = 4F3838C52BD881E3004C3615 /* UIImage.swift */; };
		4F3838C92BD882CA004C3615 /* UIColor + GrayScale.swift in Sources */ = {isa = PBXBuildFile; fileRef = 4F3838C82BD882CA004C3615 /* UIColor + GrayScale.swift */; };
		4F3838CB2BD882D4004C3615 /* UIColor + Main.swift in Sources */ = {isa = PBXBuildFile; fileRef = 4F3838CA2BD882D4004C3615 /* UIColor + Main.swift */; };
		4F3838CE2BD884DB004C3615 /* SplashViewController.swift in Sources */ = {isa = PBXBuildFile; fileRef = 4F3838CD2BD884DB004C3615 /* SplashViewController.swift */; };
		4F3838D02BD885CE004C3615 /* SplashViewModel.swift in Sources */ = {isa = PBXBuildFile; fileRef = 4F3838CF2BD885CE004C3615 /* SplashViewModel.swift */; };
		4F3838D32BD88671004C3615 /* LoginViewController.swift in Sources */ = {isa = PBXBuildFile; fileRef = 4F3838D22BD88671004C3615 /* LoginViewController.swift */; };
		4F3838D52BD88686004C3615 /* LoginViewModel.swift in Sources */ = {isa = PBXBuildFile; fileRef = 4F3838D42BD88686004C3615 /* LoginViewModel.swift */; };
		4F3838D82BD886AF004C3615 /* SignupViewController.swift in Sources */ = {isa = PBXBuildFile; fileRef = 4F3838D72BD886AF004C3615 /* SignupViewController.swift */; };
		4F3838DA2BD886B9004C3615 /* SignupViewModel.swift in Sources */ = {isa = PBXBuildFile; fileRef = 4F3838D92BD886B9004C3615 /* SignupViewModel.swift */; };
		4F3838DD2BD88713004C3615 /* MainViewController.swift in Sources */ = {isa = PBXBuildFile; fileRef = 4F3838DC2BD88713004C3615 /* MainViewController.swift */; };
		4F3838DF2BD8871A004C3615 /* MainViewModel.swift in Sources */ = {isa = PBXBuildFile; fileRef = 4F3838DE2BD8871A004C3615 /* MainViewModel.swift */; };
		4F3838E22BD887DA004C3615 /* SearchViewController.swift in Sources */ = {isa = PBXBuildFile; fileRef = 4F3838E12BD887DA004C3615 /* SearchViewController.swift */; };
		4F3838E42BD887E1004C3615 /* SearchViewModel.swift in Sources */ = {isa = PBXBuildFile; fileRef = 4F3838E32BD887E1004C3615 /* SearchViewModel.swift */; };
		4F3838E72BD8880D004C3615 /* MyPageViewController.swift in Sources */ = {isa = PBXBuildFile; fileRef = 4F3838E62BD8880D004C3615 /* MyPageViewController.swift */; };
		4F3838E92BD88814004C3615 /* MyPageViewModel.swift in Sources */ = {isa = PBXBuildFile; fileRef = 4F3838E82BD88814004C3615 /* MyPageViewModel.swift */; };
		4F3838EC2BD8884B004C3615 /* MainDetailViewController.swift in Sources */ = {isa = PBXBuildFile; fileRef = 4F3838EB2BD8884B004C3615 /* MainDetailViewController.swift */; };
		4F3838EE2BD88854004C3615 /* MainDetailViewModel.swift in Sources */ = {isa = PBXBuildFile; fileRef = 4F3838ED2BD88854004C3615 /* MainDetailViewModel.swift */; };
		4F3838F32BD8888D004C3615 /* ReviewViewModel.swift in Sources */ = {isa = PBXBuildFile; fileRef = 4F3838F22BD8888D004C3615 /* ReviewViewModel.swift */; };
		4F3838F52BD88EC6004C3615 /* BaseViewController.swift in Sources */ = {isa = PBXBuildFile; fileRef = 4F3838F42BD88EC6004C3615 /* BaseViewController.swift */; };
		4F3838F72BD88ECD004C3615 /* BaseViewModel.swift in Sources */ = {isa = PBXBuildFile; fileRef = 4F3838F62BD88ECD004C3615 /* BaseViewModel.swift */; };
		4F3838F92BD892DD004C3615 /* ReviewViewController.swift in Sources */ = {isa = PBXBuildFile; fileRef = 4F3838F82BD892DD004C3615 /* ReviewViewController.swift */; };
		4F38390D2BD89D1B004C3615 /* SculAPI.swift in Sources */ = {isa = PBXBuildFile; fileRef = 4F38390C2BD89D1B004C3615 /* SculAPI.swift */; };
		4F3839112BDA19E4004C3615 /* JwtAuthorizable.swift in Sources */ = {isa = PBXBuildFile; fileRef = 4F3839102BDA19E4004C3615 /* JwtAuthorizable.swift */; };
		4F3839132BDA19F8004C3615 /* JwtPlugin.swift in Sources */ = {isa = PBXBuildFile; fileRef = 4F3839122BDA19F8004C3615 /* JwtPlugin.swift */; };
		4F3839152BDA1A08004C3615 /* TokenDTO.swift in Sources */ = {isa = PBXBuildFile; fileRef = 4F3839142BDA1A08004C3615 /* TokenDTO.swift */; };
		4F3839172BDA1A1D004C3615 /* MoyaLoggingPlugin.swift in Sources */ = {isa = PBXBuildFile; fileRef = 4F3839162BDA1A1D004C3615 /* MoyaLoggingPlugin.swift */; };
		4F38391A2BDA31D4004C3615 /* JwtImpl.swift in Sources */ = {isa = PBXBuildFile; fileRef = 4F3839192BDA31D4004C3615 /* JwtImpl.swift */; };
		4F38391C2BDA31F3004C3615 /* JwtStore.swift in Sources */ = {isa = PBXBuildFile; fileRef = 4F38391B2BDA31F3004C3615 /* JwtStore.swift */; };
		4F38391E2BDA3207004C3615 /* KeychainAssembly.swift in Sources */ = {isa = PBXBuildFile; fileRef = 4F38391D2BDA3207004C3615 /* KeychainAssembly.swift */; };
/* End PBXBuildFile section */

/* Begin PBXFileReference section */
		4225D6FFE91DFDE37E9C07C3 /* Pods_SCUL_iOS.framework */ = {isa = PBXFileReference; explicitFileType = wrapper.framework; includeInIndex = 0; path = Pods_SCUL_iOS.framework; sourceTree = BUILT_PRODUCTS_DIR; };
		4F3150252BCADEB50040EEFD /* SCUL-iOS.app */ = {isa = PBXFileReference; explicitFileType = wrapper.application; includeInIndex = 0; path = "SCUL-iOS.app"; sourceTree = BUILT_PRODUCTS_DIR; };
		4F3150282BCADEB50040EEFD /* AppDelegate.swift */ = {isa = PBXFileReference; lastKnownFileType = sourcecode.swift; path = AppDelegate.swift; sourceTree = "<group>"; };
		4F31502A2BCADEB50040EEFD /* SceneDelegate.swift */ = {isa = PBXFileReference; lastKnownFileType = sourcecode.swift; path = SceneDelegate.swift; sourceTree = "<group>"; };
		4F3150312BCADEB60040EEFD /* Assets.xcassets */ = {isa = PBXFileReference; lastKnownFileType = folder.assetcatalog; path = Assets.xcassets; sourceTree = "<group>"; };
		4F3150342BCADEB60040EEFD /* Base */ = {isa = PBXFileReference; lastKnownFileType = file.storyboard; name = Base; path = Base.lproj/LaunchScreen.storyboard; sourceTree = "<group>"; };
		4F3150362BCADEB60040EEFD /* Info.plist */ = {isa = PBXFileReference; lastKnownFileType = text.plist.xml; path = Info.plist; sourceTree = "<group>"; };
		4F3151402BD2E3860040EEFD /* WantedSans-Bold.otf */ = {isa = PBXFileReference; lastKnownFileType = file; path = "WantedSans-Bold.otf"; sourceTree = "<group>"; };
		4F3151412BD2E3860040EEFD /* WantedSans-Medium.otf */ = {isa = PBXFileReference; lastKnownFileType = file; path = "WantedSans-Medium.otf"; sourceTree = "<group>"; };
		4F3151422BD2E3860040EEFD /* WantedSans-Black.otf */ = {isa = PBXFileReference; lastKnownFileType = file; path = "WantedSans-Black.otf"; sourceTree = "<group>"; };
		4F3151432BD2E3860040EEFD /* WantedSans-SemiBold.otf */ = {isa = PBXFileReference; lastKnownFileType = file; path = "WantedSans-SemiBold.otf"; sourceTree = "<group>"; };
		4F3151442BD2E3860040EEFD /* WantedSans-ExtraBold.otf */ = {isa = PBXFileReference; lastKnownFileType = file; path = "WantedSans-ExtraBold.otf"; sourceTree = "<group>"; };
		4F3151452BD2E3860040EEFD /* WantedSans-Regular.otf */ = {isa = PBXFileReference; lastKnownFileType = file; path = "WantedSans-Regular.otf"; sourceTree = "<group>"; };
		4F3151462BD2E3860040EEFD /* WantedSans-ExtraBlack.otf */ = {isa = PBXFileReference; lastKnownFileType = file; path = "WantedSans-ExtraBlack.otf"; sourceTree = "<group>"; };
		4F3151562BD3E27A0040EEFD /* Gray.xcassets */ = {isa = PBXFileReference; lastKnownFileType = folder.assetcatalog; path = Gray.xcassets; sourceTree = "<group>"; };
		4F3151582BD3E2920040EEFD /* Main.xcassets */ = {isa = PBXFileReference; lastKnownFileType = folder.assetcatalog; path = Main.xcassets; sourceTree = "<group>"; };
		4F3151622BD4426C0040EEFD /* UIFont+Heading.swift */ = {isa = PBXFileReference; lastKnownFileType = sourcecode.swift; path = "UIFont+Heading.swift"; sourceTree = "<group>"; };
		4F3151642BD44B6D0040EEFD /* UIFont+SB.swift */ = {isa = PBXFileReference; lastKnownFileType = sourcecode.swift; path = "UIFont+SB.swift"; sourceTree = "<group>"; };
		4F3151662BD44CBA0040EEFD /* UIFont+Body.swift */ = {isa = PBXFileReference; lastKnownFileType = sourcecode.swift; path = "UIFont+Body.swift"; sourceTree = "<group>"; };
		4F3151682BD44CF20040EEFD /* UIFont+Caption.swift */ = {isa = PBXFileReference; lastKnownFileType = sourcecode.swift; path = "UIFont+Caption.swift"; sourceTree = "<group>"; };
		4F31516A2BD44D880040EEFD /* UIFont+Label.swift */ = {isa = PBXFileReference; lastKnownFileType = sourcecode.swift; path = "UIFont+Label.swift"; sourceTree = "<group>"; };
		4F31516C2BD44DBD0040EEFD /* UIFont+Button.swift */ = {isa = PBXFileReference; lastKnownFileType = sourcecode.swift; path = "UIFont+Button.swift"; sourceTree = "<group>"; };
		4F3838C22BD88098004C3615 /* Images.xcassets */ = {isa = PBXFileReference; lastKnownFileType = folder.assetcatalog; path = Images.xcassets; sourceTree = "<group>"; };
		4F3838C52BD881E3004C3615 /* UIImage.swift */ = {isa = PBXFileReference; lastKnownFileType = sourcecode.swift; path = UIImage.swift; sourceTree = "<group>"; };
		4F3838C82BD882CA004C3615 /* UIColor + GrayScale.swift */ = {isa = PBXFileReference; lastKnownFileType = sourcecode.swift; path = "UIColor + GrayScale.swift"; sourceTree = "<group>"; };
		4F3838CA2BD882D4004C3615 /* UIColor + Main.swift */ = {isa = PBXFileReference; lastKnownFileType = sourcecode.swift; path = "UIColor + Main.swift"; sourceTree = "<group>"; };
		4F3838CD2BD884DB004C3615 /* SplashViewController.swift */ = {isa = PBXFileReference; lastKnownFileType = sourcecode.swift; path = SplashViewController.swift; sourceTree = "<group>"; };
		4F3838CF2BD885CE004C3615 /* SplashViewModel.swift */ = {isa = PBXFileReference; lastKnownFileType = sourcecode.swift; path = SplashViewModel.swift; sourceTree = "<group>"; };
		4F3838D22BD88671004C3615 /* LoginViewController.swift */ = {isa = PBXFileReference; lastKnownFileType = sourcecode.swift; path = LoginViewController.swift; sourceTree = "<group>"; };
		4F3838D42BD88686004C3615 /* LoginViewModel.swift */ = {isa = PBXFileReference; lastKnownFileType = sourcecode.swift; path = LoginViewModel.swift; sourceTree = "<group>"; };
		4F3838D72BD886AF004C3615 /* SignupViewController.swift */ = {isa = PBXFileReference; lastKnownFileType = sourcecode.swift; path = SignupViewController.swift; sourceTree = "<group>"; };
		4F3838D92BD886B9004C3615 /* SignupViewModel.swift */ = {isa = PBXFileReference; lastKnownFileType = sourcecode.swift; path = SignupViewModel.swift; sourceTree = "<group>"; };
		4F3838DC2BD88713004C3615 /* MainViewController.swift */ = {isa = PBXFileReference; lastKnownFileType = sourcecode.swift; path = MainViewController.swift; sourceTree = "<group>"; };
		4F3838DE2BD8871A004C3615 /* MainViewModel.swift */ = {isa = PBXFileReference; lastKnownFileType = sourcecode.swift; path = MainViewModel.swift; sourceTree = "<group>"; };
		4F3838E12BD887DA004C3615 /* SearchViewController.swift */ = {isa = PBXFileReference; lastKnownFileType = sourcecode.swift; path = SearchViewController.swift; sourceTree = "<group>"; };
		4F3838E32BD887E1004C3615 /* SearchViewModel.swift */ = {isa = PBXFileReference; lastKnownFileType = sourcecode.swift; path = SearchViewModel.swift; sourceTree = "<group>"; };
		4F3838E62BD8880D004C3615 /* MyPageViewController.swift */ = {isa = PBXFileReference; lastKnownFileType = sourcecode.swift; path = MyPageViewController.swift; sourceTree = "<group>"; };
		4F3838E82BD88814004C3615 /* MyPageViewModel.swift */ = {isa = PBXFileReference; lastKnownFileType = sourcecode.swift; path = MyPageViewModel.swift; sourceTree = "<group>"; };
		4F3838EB2BD8884B004C3615 /* MainDetailViewController.swift */ = {isa = PBXFileReference; lastKnownFileType = sourcecode.swift; path = MainDetailViewController.swift; sourceTree = "<group>"; };
		4F3838ED2BD88854004C3615 /* MainDetailViewModel.swift */ = {isa = PBXFileReference; lastKnownFileType = sourcecode.swift; path = MainDetailViewModel.swift; sourceTree = "<group>"; };
		4F3838F22BD8888D004C3615 /* ReviewViewModel.swift */ = {isa = PBXFileReference; lastKnownFileType = sourcecode.swift; path = ReviewViewModel.swift; sourceTree = "<group>"; };
		4F3838F42BD88EC6004C3615 /* BaseViewController.swift */ = {isa = PBXFileReference; lastKnownFileType = sourcecode.swift; path = BaseViewController.swift; sourceTree = "<group>"; };
		4F3838F62BD88ECD004C3615 /* BaseViewModel.swift */ = {isa = PBXFileReference; lastKnownFileType = sourcecode.swift; path = BaseViewModel.swift; sourceTree = "<group>"; };
		4F3838F82BD892DD004C3615 /* ReviewViewController.swift */ = {isa = PBXFileReference; lastKnownFileType = sourcecode.swift; path = ReviewViewController.swift; sourceTree = "<group>"; };
		4F38390C2BD89D1B004C3615 /* SculAPI.swift */ = {isa = PBXFileReference; lastKnownFileType = sourcecode.swift; path = SculAPI.swift; sourceTree = "<group>"; };
		4F3839102BDA19E4004C3615 /* JwtAuthorizable.swift */ = {isa = PBXFileReference; lastKnownFileType = sourcecode.swift; path = JwtAuthorizable.swift; sourceTree = "<group>"; };
		4F3839122BDA19F8004C3615 /* JwtPlugin.swift */ = {isa = PBXFileReference; lastKnownFileType = sourcecode.swift; path = JwtPlugin.swift; sourceTree = "<group>"; };
		4F3839142BDA1A08004C3615 /* TokenDTO.swift */ = {isa = PBXFileReference; lastKnownFileType = sourcecode.swift; path = TokenDTO.swift; sourceTree = "<group>"; };
		4F3839162BDA1A1D004C3615 /* MoyaLoggingPlugin.swift */ = {isa = PBXFileReference; lastKnownFileType = sourcecode.swift; path = MoyaLoggingPlugin.swift; sourceTree = "<group>"; };
		4F3839192BDA31D4004C3615 /* JwtImpl.swift */ = {isa = PBXFileReference; lastKnownFileType = sourcecode.swift; path = JwtImpl.swift; sourceTree = "<group>"; };
		4F38391B2BDA31F3004C3615 /* JwtStore.swift */ = {isa = PBXFileReference; lastKnownFileType = sourcecode.swift; path = JwtStore.swift; sourceTree = "<group>"; };
		4F38391D2BDA3207004C3615 /* KeychainAssembly.swift */ = {isa = PBXFileReference; lastKnownFileType = sourcecode.swift; path = KeychainAssembly.swift; sourceTree = "<group>"; };
		65C91DB2221BD0CC812E0F94 /* Pods-SCUL-iOS.debug.xcconfig */ = {isa = PBXFileReference; includeInIndex = 1; lastKnownFileType = text.xcconfig; name = "Pods-SCUL-iOS.debug.xcconfig"; path = "Target Support Files/Pods-SCUL-iOS/Pods-SCUL-iOS.debug.xcconfig"; sourceTree = "<group>"; };
		6A48DE9F69E6CD0DD3506B3F /* Pods-SCUL-iOS.release.xcconfig */ = {isa = PBXFileReference; includeInIndex = 1; lastKnownFileType = text.xcconfig; name = "Pods-SCUL-iOS.release.xcconfig"; path = "Target Support Files/Pods-SCUL-iOS/Pods-SCUL-iOS.release.xcconfig"; sourceTree = "<group>"; };
/* End PBXFileReference section */

/* Begin PBXFrameworksBuildPhase section */
		4F3150222BCADEB50040EEFD /* Frameworks */ = {
			isa = PBXFrameworksBuildPhase;
			buildActionMask = 2147483647;
			files = (
				2B08C56A9F29D5E8E140B592 /* Pods_SCUL_iOS.framework in Frameworks */,
			);
			runOnlyForDeploymentPostprocessing = 0;
		};
/* End PBXFrameworksBuildPhase section */

/* Begin PBXGroup section */
		4F31501C2BCADEB40040EEFD = {
			isa = PBXGroup;
			children = (
				4F3150272BCADEB50040EEFD /* SCUL-iOS */,
				4F3150262BCADEB50040EEFD /* Products */,
				E6D7FBBBBF56802452EBB33F /* Pods */,
				8F2D5447901A5AA2E1E455C8 /* Frameworks */,
			);
			sourceTree = "<group>";
		};
		4F3150262BCADEB50040EEFD /* Products */ = {
			isa = PBXGroup;
			children = (
				4F3150252BCADEB50040EEFD /* SCUL-iOS.app */,
			);
			name = Products;
			sourceTree = "<group>";
		};
		4F3150272BCADEB50040EEFD /* SCUL-iOS */ = {
			isa = PBXGroup;
			children = (
				4F31507E2BD2C0320040EEFD /* Project */,
			);
			path = "SCUL-iOS";
			sourceTree = "<group>";
		};
		4F3150752BD2BD150040EEFD /* Resources */ = {
			isa = PBXGroup;
			children = (
				4F3150312BCADEB60040EEFD /* Assets.xcassets */,
				4F3150332BCADEB60040EEFD /* LaunchScreen.storyboard */,
			);
			path = Resources;
			sourceTree = "<group>";
		};
		4F3150762BD2BD310040EEFD /* Sources */ = {
			isa = PBXGroup;
			children = (
				4F3150282BCADEB50040EEFD /* AppDelegate.swift */,
				4F31502A2BCADEB50040EEFD /* SceneDelegate.swift */,
			);
			path = Sources;
			sourceTree = "<group>";
		};
		4F3150772BD2BE0F0040EEFD /* Support */ = {
			isa = PBXGroup;
			children = (
				4F3150362BCADEB60040EEFD /* Info.plist */,
			);
			path = Support;
			sourceTree = "<group>";
		};
		4F31507C2BD2BF630040EEFD /* Presentation */ = {
			isa = PBXGroup;
			children = (
				4F31507F2BD2C0E50040EEFD /* Base */,
				4F3838CC2BD884C5004C3615 /* Splash */,
				4F3838D12BD88660004C3615 /* Login */,
				4F3838D62BD8869F004C3615 /* Signup */,
				4F3838DB2BD886D5004C3615 /* Main */,
				4F3838EA2BD8883F004C3615 /* MainDetail */,
				4F3838E02BD887CD004C3615 /* Search */,
				4F3838E52BD88803004C3615 /* MyPage */,
				4F3838EF2BD88877004C3615 /* Review */,
			);
			path = Presentation;
			sourceTree = "<group>";
		};
		4F31507D2BD2BF6F0040EEFD /* Modules */ = {
			isa = PBXGroup;
			children = (
				4F3839062BD89C9F004C3615 /* AppNetwork */,
				4F3150862BD2D9050040EEFD /* DesignSystem */,
			);
			path = Modules;
			sourceTree = "<group>";
		};
		4F31507E2BD2C0320040EEFD /* Project */ = {
			isa = PBXGroup;
			children = (
				4F3150C92BD2DB820040EEFD /* App */,
				4F3839182BDA31C7004C3615 /* Core */,
				4F3838FB2BD897D4004C3615 /* Data */,
				4F3838FA2BD897CE004C3615 /* Domain */,
				4F31507C2BD2BF630040EEFD /* Presentation */,
				4F31507D2BD2BF6F0040EEFD /* Modules */,
			);
			path = Project;
			sourceTree = "<group>";
		};
		4F31507F2BD2C0E50040EEFD /* Base */ = {
			isa = PBXGroup;
			children = (
				4F3838F42BD88EC6004C3615 /* BaseViewController.swift */,
				4F3838F62BD88ECD004C3615 /* BaseViewModel.swift */,
			);
			path = Base;
			sourceTree = "<group>";
		};
		4F3150862BD2D9050040EEFD /* DesignSystem */ = {
			isa = PBXGroup;
			children = (
				4F3150872BD2D9400040EEFD /* Project */,
			);
			path = DesignSystem;
			sourceTree = "<group>";
		};
		4F3150872BD2D9400040EEFD /* Project */ = {
			isa = PBXGroup;
			children = (
				4F3150882BD2D9500040EEFD /* Resources */,
				4F31515A2BD421180040EEFD /* Sources */,
			);
			path = Project;
			sourceTree = "<group>";
		};
		4F3150882BD2D9500040EEFD /* Resources */ = {
			isa = PBXGroup;
			children = (
				4F31514F2BD2E41A0040EEFD /* Images */,
				4F31514E2BD2E4110040EEFD /* Colors */,
				4F3150892BD2D9650040EEFD /* Fonts */,
			);
			path = Resources;
			sourceTree = "<group>";
		};
		4F3150892BD2D9650040EEFD /* Fonts */ = {
			isa = PBXGroup;
			children = (
				4F31513F2BD2E3860040EEFD /* otf */,
			);
			path = Fonts;
			sourceTree = "<group>";
		};
		4F3150C92BD2DB820040EEFD /* App */ = {
			isa = PBXGroup;
			children = (
				4F3150752BD2BD150040EEFD /* Resources */,
				4F3150762BD2BD310040EEFD /* Sources */,
				4F3150772BD2BE0F0040EEFD /* Support */,
			);
			path = App;
			sourceTree = "<group>";
		};
		4F31513F2BD2E3860040EEFD /* otf */ = {
			isa = PBXGroup;
			children = (
				4F3151402BD2E3860040EEFD /* WantedSans-Bold.otf */,
				4F3151412BD2E3860040EEFD /* WantedSans-Medium.otf */,
				4F3151422BD2E3860040EEFD /* WantedSans-Black.otf */,
				4F3151432BD2E3860040EEFD /* WantedSans-SemiBold.otf */,
				4F3151442BD2E3860040EEFD /* WantedSans-ExtraBold.otf */,
				4F3151452BD2E3860040EEFD /* WantedSans-Regular.otf */,
				4F3151462BD2E3860040EEFD /* WantedSans-ExtraBlack.otf */,
			);
			path = otf;
			sourceTree = "<group>";
		};
		4F31514E2BD2E4110040EEFD /* Colors */ = {
			isa = PBXGroup;
			children = (
				4F3151562BD3E27A0040EEFD /* Gray.xcassets */,
				4F3151582BD3E2920040EEFD /* Main.xcassets */,
			);
			path = Colors;
			sourceTree = "<group>";
		};
		4F31514F2BD2E41A0040EEFD /* Images */ = {
			isa = PBXGroup;
			children = (
				4F3838C22BD88098004C3615 /* Images.xcassets */,
			);
			path = Images;
			sourceTree = "<group>";
		};
		4F31515A2BD421180040EEFD /* Sources */ = {
			isa = PBXGroup;
			children = (
				4F3151602BD43C3B0040EEFD /* Extension */,
			);
			path = Sources;
			sourceTree = "<group>";
		};
		4F3151602BD43C3B0040EEFD /* Extension */ = {
			isa = PBXGroup;
			children = (
				4F3838C72BD882A3004C3615 /* Color */,
				4F3838C42BD881BA004C3615 /* Image */,
				4F31516E2BD44F750040EEFD /* Font */,
			);
			path = Extension;
			sourceTree = "<group>";
		};
		4F31516E2BD44F750040EEFD /* Font */ = {
			isa = PBXGroup;
			children = (
				4F3151622BD4426C0040EEFD /* UIFont+Heading.swift */,
				4F3151642BD44B6D0040EEFD /* UIFont+SB.swift */,
				4F3151662BD44CBA0040EEFD /* UIFont+Body.swift */,
				4F3151682BD44CF20040EEFD /* UIFont+Caption.swift */,
				4F31516A2BD44D880040EEFD /* UIFont+Label.swift */,
				4F31516C2BD44DBD0040EEFD /* UIFont+Button.swift */,
			);
			path = Font;
			sourceTree = "<group>";
		};
		4F3838C42BD881BA004C3615 /* Image */ = {
			isa = PBXGroup;
			children = (
				4F3838C52BD881E3004C3615 /* UIImage.swift */,
			);
			path = Image;
			sourceTree = "<group>";
		};
		4F3838C72BD882A3004C3615 /* Color */ = {
			isa = PBXGroup;
			children = (
				4F3838C82BD882CA004C3615 /* UIColor + GrayScale.swift */,
				4F3838CA2BD882D4004C3615 /* UIColor + Main.swift */,
			);
			path = Color;
			sourceTree = "<group>";
		};
		4F3838CC2BD884C5004C3615 /* Splash */ = {
			isa = PBXGroup;
			children = (
				4F3838CD2BD884DB004C3615 /* SplashViewController.swift */,
				4F3838CF2BD885CE004C3615 /* SplashViewModel.swift */,
			);
			path = Splash;
			sourceTree = "<group>";
		};
		4F3838D12BD88660004C3615 /* Login */ = {
			isa = PBXGroup;
			children = (
				4F3838D22BD88671004C3615 /* LoginViewController.swift */,
				4F3838D42BD88686004C3615 /* LoginViewModel.swift */,
			);
			path = Login;
			sourceTree = "<group>";
		};
		4F3838D62BD8869F004C3615 /* Signup */ = {
			isa = PBXGroup;
			children = (
				4F3838D72BD886AF004C3615 /* SignupViewController.swift */,
				4F3838D92BD886B9004C3615 /* SignupViewModel.swift */,
			);
			path = Signup;
			sourceTree = "<group>";
		};
		4F3838DB2BD886D5004C3615 /* Main */ = {
			isa = PBXGroup;
			children = (
				4F3838DC2BD88713004C3615 /* MainViewController.swift */,
				4F3838DE2BD8871A004C3615 /* MainViewModel.swift */,
			);
			path = Main;
			sourceTree = "<group>";
		};
		4F3838E02BD887CD004C3615 /* Search */ = {
			isa = PBXGroup;
			children = (
				4F3838E12BD887DA004C3615 /* SearchViewController.swift */,
				4F3838E32BD887E1004C3615 /* SearchViewModel.swift */,
			);
			path = Search;
			sourceTree = "<group>";
		};
		4F3838E52BD88803004C3615 /* MyPage */ = {
			isa = PBXGroup;
			children = (
				4F3838E62BD8880D004C3615 /* MyPageViewController.swift */,
				4F3838E82BD88814004C3615 /* MyPageViewModel.swift */,
			);
			path = MyPage;
			sourceTree = "<group>";
		};
		4F3838EA2BD8883F004C3615 /* MainDetail */ = {
			isa = PBXGroup;
			children = (
				4F3838EB2BD8884B004C3615 /* MainDetailViewController.swift */,
				4F3838ED2BD88854004C3615 /* MainDetailViewModel.swift */,
			);
			path = MainDetail;
			sourceTree = "<group>";
		};
		4F3838EF2BD88877004C3615 /* Review */ = {
			isa = PBXGroup;
			children = (
				4F3838F82BD892DD004C3615 /* ReviewViewController.swift */,
				4F3838F22BD8888D004C3615 /* ReviewViewModel.swift */,
			);
			path = Review;
			sourceTree = "<group>";
		};
		4F3838FA2BD897CE004C3615 /* Domain */ = {
			isa = PBXGroup;
			children = (
				4F3838FC2BD89B19004C3615 /* Sources */,
			);
			path = Domain;
			sourceTree = "<group>";
		};
		4F3838FB2BD897D4004C3615 /* Data */ = {
			isa = PBXGroup;
			children = (
				4F3839002BD89C4A004C3615 /* Sources */,
			);
			path = Data;
			sourceTree = "<group>";
		};
		4F3838FC2BD89B19004C3615 /* Sources */ = {
			isa = PBXGroup;
			children = (
				4F3838FF2BD89C3E004C3615 /* UseCases */,
				4F3838FE2BD89BC8004C3615 /* Repositories */,
				4F3838FD2BD89BAA004C3615 /* Entities */,
			);
			path = Sources;
			sourceTree = "<group>";
		};
		4F3838FD2BD89BAA004C3615 /* Entities */ = {
			isa = PBXGroup;
			children = (
			);
			path = Entities;
			sourceTree = "<group>";
		};
		4F3838FE2BD89BC8004C3615 /* Repositories */ = {
			isa = PBXGroup;
			children = (
			);
			path = Repositories;
			sourceTree = "<group>";
		};
		4F3838FF2BD89C3E004C3615 /* UseCases */ = {
			isa = PBXGroup;
			children = (
			);
			path = UseCases;
			sourceTree = "<group>";
		};
		4F3839002BD89C4A004C3615 /* Sources */ = {
			isa = PBXGroup;
			children = (
				4F3839052BD89C71004C3615 /* Repositories */,
				4F3839032BD89C60004C3615 /* DTO */,
				4F3839022BD89C5C004C3615 /* DI */,
				4F3839012BD89C4F004C3615 /* DataSource */,
			);
			path = Sources;
			sourceTree = "<group>";
		};
		4F3839012BD89C4F004C3615 /* DataSource */ = {
			isa = PBXGroup;
			children = (
			);
			path = DataSource;
			sourceTree = "<group>";
		};
		4F3839022BD89C5C004C3615 /* DI */ = {
			isa = PBXGroup;
			children = (
			);
			path = DI;
			sourceTree = "<group>";
		};
		4F3839032BD89C60004C3615 /* DTO */ = {
			isa = PBXGroup;
			children = (
			);
			path = DTO;
			sourceTree = "<group>";
		};
		4F3839052BD89C71004C3615 /* Repositories */ = {
			isa = PBXGroup;
			children = (
			);
			path = Repositories;
			sourceTree = "<group>";
		};
		4F3839062BD89C9F004C3615 /* AppNetwork */ = {
			isa = PBXGroup;
			children = (
				4F3839072BD89CAF004C3615 /* Project */,
			);
			path = AppNetwork;
			sourceTree = "<group>";
		};
		4F3839072BD89CAF004C3615 /* Project */ = {
			isa = PBXGroup;
			children = (
				4F3839082BD89CC0004C3615 /* Sources */,
			);
			path = Project;
			sourceTree = "<group>";
		};
		4F3839082BD89CC0004C3615 /* Sources */ = {
			isa = PBXGroup;
			children = (
				4F3839092BD89CE7004C3615 /* Plugins */,
				4F38390C2BD89D1B004C3615 /* SculAPI.swift */,
			);
			path = Sources;
			sourceTree = "<group>";
		};
		4F3839092BD89CE7004C3615 /* Plugins */ = {
			isa = PBXGroup;
			children = (
				4F38390A2BD89CEC004C3615 /* Jwt */,
				4F38390B2BD89D00004C3615 /* Logging */,
			);
			path = Plugins;
			sourceTree = "<group>";
		};
		4F38390A2BD89CEC004C3615 /* Jwt */ = {
			isa = PBXGroup;
			children = (
				4F3839102BDA19E4004C3615 /* JwtAuthorizable.swift */,
				4F3839122BDA19F8004C3615 /* JwtPlugin.swift */,
				4F3839142BDA1A08004C3615 /* TokenDTO.swift */,
			);
			path = Jwt;
			sourceTree = "<group>";
		};
		4F38390B2BD89D00004C3615 /* Logging */ = {
			isa = PBXGroup;
			children = (
				4F3839162BDA1A1D004C3615 /* MoyaLoggingPlugin.swift */,
			);
			path = Logging;
			sourceTree = "<group>";
		};
		4F3839182BDA31C7004C3615 /* Core */ = {
			isa = PBXGroup;
			children = (
				4F3839192BDA31D4004C3615 /* JwtImpl.swift */,
				4F38391B2BDA31F3004C3615 /* JwtStore.swift */,
				4F38391D2BDA3207004C3615 /* KeychainAssembly.swift */,
			);
			path = Core;
			sourceTree = "<group>";
		};
		8F2D5447901A5AA2E1E455C8 /* Frameworks */ = {
			isa = PBXGroup;
			children = (
				4225D6FFE91DFDE37E9C07C3 /* Pods_SCUL_iOS.framework */,
			);
			name = Frameworks;
			sourceTree = "<group>";
		};
		E6D7FBBBBF56802452EBB33F /* Pods */ = {
			isa = PBXGroup;
			children = (
				65C91DB2221BD0CC812E0F94 /* Pods-SCUL-iOS.debug.xcconfig */,
				6A48DE9F69E6CD0DD3506B3F /* Pods-SCUL-iOS.release.xcconfig */,
			);
			path = Pods;
			sourceTree = "<group>";
		};
/* End PBXGroup section */

/* Begin PBXNativeTarget section */
		4F3150242BCADEB50040EEFD /* SCUL-iOS */ = {
			isa = PBXNativeTarget;
			buildConfigurationList = 4F3150392BCADEB60040EEFD /* Build configuration list for PBXNativeTarget "SCUL-iOS" */;
			buildPhases = (
				337A53AF7C4ECA38691CFF74 /* [CP] Check Pods Manifest.lock */,
				4F3150212BCADEB50040EEFD /* Sources */,
				4F3150222BCADEB50040EEFD /* Frameworks */,
				4F3150232BCADEB50040EEFD /* Resources */,
				C4A0D6A74FF2BBC25B856CF7 /* [CP] Embed Pods Frameworks */,
			);
			buildRules = (
			);
			dependencies = (
			);
			name = "SCUL-iOS";
			productName = "SCUL-iOS";
			productReference = 4F3150252BCADEB50040EEFD /* SCUL-iOS.app */;
			productType = "com.apple.product-type.application";
		};
/* End PBXNativeTarget section */

/* Begin PBXProject section */
		4F31501D2BCADEB40040EEFD /* Project object */ = {
			isa = PBXProject;
			attributes = {
				BuildIndependentTargetsInParallel = 1;
				LastSwiftUpdateCheck = 1500;
				LastUpgradeCheck = 1500;
				TargetAttributes = {
					4F3150242BCADEB50040EEFD = {
						CreatedOnToolsVersion = 15.0.1;
					};
				};
			};
			buildConfigurationList = 4F3150202BCADEB40040EEFD /* Build configuration list for PBXProject "SCUL-iOS" */;
			compatibilityVersion = "Xcode 14.0";
			developmentRegion = en;
			hasScannedForEncodings = 0;
			knownRegions = (
				en,
				Base,
			);
			mainGroup = 4F31501C2BCADEB40040EEFD;
			productRefGroup = 4F3150262BCADEB50040EEFD /* Products */;
			projectDirPath = "";
			projectRoot = "";
			targets = (
				4F3150242BCADEB50040EEFD /* SCUL-iOS */,
			);
		};
/* End PBXProject section */

/* Begin PBXResourcesBuildPhase section */
		4F3150232BCADEB50040EEFD /* Resources */ = {
			isa = PBXResourcesBuildPhase;
			buildActionMask = 2147483647;
			files = (
				4F31514A2BD2E3860040EEFD /* WantedSans-SemiBold.otf in Resources */,
				4F3151592BD3E2920040EEFD /* Main.xcassets in Resources */,
				4F3151492BD2E3860040EEFD /* WantedSans-Black.otf in Resources */,
				4F31514B2BD2E3860040EEFD /* WantedSans-ExtraBold.otf in Resources */,
				4F3150352BCADEB60040EEFD /* LaunchScreen.storyboard in Resources */,
				4F31514C2BD2E3860040EEFD /* WantedSans-Regular.otf in Resources */,
				4F3151572BD3E27A0040EEFD /* Gray.xcassets in Resources */,
				4F31514D2BD2E3860040EEFD /* WantedSans-ExtraBlack.otf in Resources */,
				4F3151472BD2E3860040EEFD /* WantedSans-Bold.otf in Resources */,
				4F3838C32BD88098004C3615 /* Images.xcassets in Resources */,
				4F3151482BD2E3860040EEFD /* WantedSans-Medium.otf in Resources */,
				4F3150322BCADEB60040EEFD /* Assets.xcassets in Resources */,
			);
			runOnlyForDeploymentPostprocessing = 0;
		};
/* End PBXResourcesBuildPhase section */

/* Begin PBXShellScriptBuildPhase section */
		337A53AF7C4ECA38691CFF74 /* [CP] Check Pods Manifest.lock */ = {
			isa = PBXShellScriptBuildPhase;
			buildActionMask = 2147483647;
			files = (
			);
			inputFileListPaths = (
			);
			inputPaths = (
				"${PODS_PODFILE_DIR_PATH}/Podfile.lock",
				"${PODS_ROOT}/Manifest.lock",
			);
			name = "[CP] Check Pods Manifest.lock";
			outputFileListPaths = (
			);
			outputPaths = (
				"$(DERIVED_FILE_DIR)/Pods-SCUL-iOS-checkManifestLockResult.txt",
			);
			runOnlyForDeploymentPostprocessing = 0;
			shellPath = /bin/sh;
			shellScript = "diff \"${PODS_PODFILE_DIR_PATH}/Podfile.lock\" \"${PODS_ROOT}/Manifest.lock\" > /dev/null\nif [ $? != 0 ] ; then\n    # print error to STDERR\n    echo \"error: The sandbox is not in sync with the Podfile.lock. Run 'pod install' or update your CocoaPods installation.\" >&2\n    exit 1\nfi\n# This output is used by Xcode 'outputs' to avoid re-running this script phase.\necho \"SUCCESS\" > \"${SCRIPT_OUTPUT_FILE_0}\"\n";
			showEnvVarsInLog = 0;
		};
		C4A0D6A74FF2BBC25B856CF7 /* [CP] Embed Pods Frameworks */ = {
			isa = PBXShellScriptBuildPhase;
			buildActionMask = 2147483647;
			files = (
			);
			inputFileListPaths = (
				"${PODS_ROOT}/Target Support Files/Pods-SCUL-iOS/Pods-SCUL-iOS-frameworks-${CONFIGURATION}-input-files.xcfilelist",
			);
			name = "[CP] Embed Pods Frameworks";
			outputFileListPaths = (
				"${PODS_ROOT}/Target Support Files/Pods-SCUL-iOS/Pods-SCUL-iOS-frameworks-${CONFIGURATION}-output-files.xcfilelist",
			);
			runOnlyForDeploymentPostprocessing = 0;
			shellPath = /bin/sh;
			shellScript = "\"${PODS_ROOT}/Target Support Files/Pods-SCUL-iOS/Pods-SCUL-iOS-frameworks.sh\"\n";
			showEnvVarsInLog = 0;
		};
/* End PBXShellScriptBuildPhase section */

/* Begin PBXSourcesBuildPhase section */
		4F3150212BCADEB50040EEFD /* Sources */ = {
			isa = PBXSourcesBuildPhase;
			buildActionMask = 2147483647;
			files = (
				4F3838E72BD8880D004C3615 /* MyPageViewController.swift in Sources */,
				4F3838DD2BD88713004C3615 /* MainViewController.swift in Sources */,
				4F31516B2BD44D880040EEFD /* UIFont+Label.swift in Sources */,
				4F38391C2BDA31F3004C3615 /* JwtStore.swift in Sources */,
				4F3151672BD44CBA0040EEFD /* UIFont+Body.swift in Sources */,
				4F38391E2BDA3207004C3615 /* KeychainAssembly.swift in Sources */,
				4F3838F52BD88EC6004C3615 /* BaseViewController.swift in Sources */,
				4F3151652BD44B6D0040EEFD /* UIFont+SB.swift in Sources */,
				4F31516D2BD44DBD0040EEFD /* UIFont+Button.swift in Sources */,
				4F3151692BD44CF20040EEFD /* UIFont+Caption.swift in Sources */,
				4F3838DA2BD886B9004C3615 /* SignupViewModel.swift in Sources */,
				4F3838C92BD882CA004C3615 /* UIColor + GrayScale.swift in Sources */,
				4F3838D82BD886AF004C3615 /* SignupViewController.swift in Sources */,
				4F3838D52BD88686004C3615 /* LoginViewModel.swift in Sources */,
				4F3838E92BD88814004C3615 /* MyPageViewModel.swift in Sources */,
				4F3838CB2BD882D4004C3615 /* UIColor + Main.swift in Sources */,
				4F3839132BDA19F8004C3615 /* JwtPlugin.swift in Sources */,
				4F38391A2BDA31D4004C3615 /* JwtImpl.swift in Sources */,
				4F3838E22BD887DA004C3615 /* SearchViewController.swift in Sources */,
				4F3150292BCADEB50040EEFD /* AppDelegate.swift in Sources */,
				4F3838EE2BD88854004C3615 /* MainDetailViewModel.swift in Sources */,
				4F3838D02BD885CE004C3615 /* SplashViewModel.swift in Sources */,
				4F3151632BD4426C0040EEFD /* UIFont+Heading.swift in Sources */,
				4F3839172BDA1A1D004C3615 /* MoyaLoggingPlugin.swift in Sources */,
				4F3838E42BD887E1004C3615 /* SearchViewModel.swift in Sources */,
				4F3838D32BD88671004C3615 /* LoginViewController.swift in Sources */,
				4F38390D2BD89D1B004C3615 /* SculAPI.swift in Sources */,
				4F3838C62BD881E3004C3615 /* UIImage.swift in Sources */,
				4F3838F72BD88ECD004C3615 /* BaseViewModel.swift in Sources */,
				4F3839112BDA19E4004C3615 /* JwtAuthorizable.swift in Sources */,
				4F3838F32BD8888D004C3615 /* ReviewViewModel.swift in Sources */,
				4F3838EC2BD8884B004C3615 /* MainDetailViewController.swift in Sources */,
				4F31502B2BCADEB50040EEFD /* SceneDelegate.swift in Sources */,
				4F3838CE2BD884DB004C3615 /* SplashViewController.swift in Sources */,
				4F3838DF2BD8871A004C3615 /* MainViewModel.swift in Sources */,
				4F3839152BDA1A08004C3615 /* TokenDTO.swift in Sources */,
				4F3838F92BD892DD004C3615 /* ReviewViewController.swift in Sources */,
			);
			runOnlyForDeploymentPostprocessing = 0;
		};
/* End PBXSourcesBuildPhase section */

/* Begin PBXVariantGroup section */
		4F3150332BCADEB60040EEFD /* LaunchScreen.storyboard */ = {
			isa = PBXVariantGroup;
			children = (
				4F3150342BCADEB60040EEFD /* Base */,
			);
			name = LaunchScreen.storyboard;
			sourceTree = "<group>";
		};
/* End PBXVariantGroup section */

/* Begin XCBuildConfiguration section */
		4F3150372BCADEB60040EEFD /* Debug */ = {
			isa = XCBuildConfiguration;
			buildSettings = {
				ALWAYS_SEARCH_USER_PATHS = NO;
				ASSETCATALOG_COMPILER_GENERATE_SWIFT_ASSET_SYMBOL_EXTENSIONS = YES;
				CLANG_ANALYZER_NONNULL = YES;
				CLANG_ANALYZER_NUMBER_OBJECT_CONVERSION = YES_AGGRESSIVE;
				CLANG_CXX_LANGUAGE_STANDARD = "gnu++20";
				CLANG_ENABLE_MODULES = YES;
				CLANG_ENABLE_OBJC_ARC = YES;
				CLANG_ENABLE_OBJC_WEAK = YES;
				CLANG_WARN_BLOCK_CAPTURE_AUTORELEASING = YES;
				CLANG_WARN_BOOL_CONVERSION = YES;
				CLANG_WARN_COMMA = YES;
				CLANG_WARN_CONSTANT_CONVERSION = YES;
				CLANG_WARN_DEPRECATED_OBJC_IMPLEMENTATIONS = YES;
				CLANG_WARN_DIRECT_OBJC_ISA_USAGE = YES_ERROR;
				CLANG_WARN_DOCUMENTATION_COMMENTS = YES;
				CLANG_WARN_EMPTY_BODY = YES;
				CLANG_WARN_ENUM_CONVERSION = YES;
				CLANG_WARN_INFINITE_RECURSION = YES;
				CLANG_WARN_INT_CONVERSION = YES;
				CLANG_WARN_NON_LITERAL_NULL_CONVERSION = YES;
				CLANG_WARN_OBJC_IMPLICIT_RETAIN_SELF = YES;
				CLANG_WARN_OBJC_LITERAL_CONVERSION = YES;
				CLANG_WARN_OBJC_ROOT_CLASS = YES_ERROR;
				CLANG_WARN_QUOTED_INCLUDE_IN_FRAMEWORK_HEADER = YES;
				CLANG_WARN_RANGE_LOOP_ANALYSIS = YES;
				CLANG_WARN_STRICT_PROTOTYPES = YES;
				CLANG_WARN_SUSPICIOUS_MOVE = YES;
				CLANG_WARN_UNGUARDED_AVAILABILITY = YES_AGGRESSIVE;
				CLANG_WARN_UNREACHABLE_CODE = YES;
				CLANG_WARN__DUPLICATE_METHOD_MATCH = YES;
				COPY_PHASE_STRIP = NO;
				DEBUG_INFORMATION_FORMAT = dwarf;
				ENABLE_STRICT_OBJC_MSGSEND = YES;
				ENABLE_TESTABILITY = YES;
				ENABLE_USER_SCRIPT_SANDBOXING = NO;
				GCC_C_LANGUAGE_STANDARD = gnu17;
				GCC_DYNAMIC_NO_PIC = NO;
				GCC_NO_COMMON_BLOCKS = YES;
				GCC_OPTIMIZATION_LEVEL = 0;
				GCC_PREPROCESSOR_DEFINITIONS = (
					"DEBUG=1",
					"$(inherited)",
				);
				GCC_WARN_64_TO_32_BIT_CONVERSION = YES;
				GCC_WARN_ABOUT_RETURN_TYPE = YES_ERROR;
				GCC_WARN_UNDECLARED_SELECTOR = YES;
				GCC_WARN_UNINITIALIZED_AUTOS = YES_AGGRESSIVE;
				GCC_WARN_UNUSED_FUNCTION = YES;
				GCC_WARN_UNUSED_VARIABLE = YES;
				IPHONEOS_DEPLOYMENT_TARGET = 17.0;
				LOCALIZATION_PREFERS_STRING_CATALOGS = YES;
				MTL_ENABLE_DEBUG_INFO = INCLUDE_SOURCE;
				MTL_FAST_MATH = YES;
				ONLY_ACTIVE_ARCH = YES;
				SDKROOT = iphoneos;
				SWIFT_ACTIVE_COMPILATION_CONDITIONS = "DEBUG $(inherited)";
				SWIFT_OPTIMIZATION_LEVEL = "-Onone";
			};
			name = Debug;
		};
		4F3150382BCADEB60040EEFD /* Release */ = {
			isa = XCBuildConfiguration;
			buildSettings = {
				ALWAYS_SEARCH_USER_PATHS = NO;
				ASSETCATALOG_COMPILER_GENERATE_SWIFT_ASSET_SYMBOL_EXTENSIONS = YES;
				CLANG_ANALYZER_NONNULL = YES;
				CLANG_ANALYZER_NUMBER_OBJECT_CONVERSION = YES_AGGRESSIVE;
				CLANG_CXX_LANGUAGE_STANDARD = "gnu++20";
				CLANG_ENABLE_MODULES = YES;
				CLANG_ENABLE_OBJC_ARC = YES;
				CLANG_ENABLE_OBJC_WEAK = YES;
				CLANG_WARN_BLOCK_CAPTURE_AUTORELEASING = YES;
				CLANG_WARN_BOOL_CONVERSION = YES;
				CLANG_WARN_COMMA = YES;
				CLANG_WARN_CONSTANT_CONVERSION = YES;
				CLANG_WARN_DEPRECATED_OBJC_IMPLEMENTATIONS = YES;
				CLANG_WARN_DIRECT_OBJC_ISA_USAGE = YES_ERROR;
				CLANG_WARN_DOCUMENTATION_COMMENTS = YES;
				CLANG_WARN_EMPTY_BODY = YES;
				CLANG_WARN_ENUM_CONVERSION = YES;
				CLANG_WARN_INFINITE_RECURSION = YES;
				CLANG_WARN_INT_CONVERSION = YES;
				CLANG_WARN_NON_LITERAL_NULL_CONVERSION = YES;
				CLANG_WARN_OBJC_IMPLICIT_RETAIN_SELF = YES;
				CLANG_WARN_OBJC_LITERAL_CONVERSION = YES;
				CLANG_WARN_OBJC_ROOT_CLASS = YES_ERROR;
				CLANG_WARN_QUOTED_INCLUDE_IN_FRAMEWORK_HEADER = YES;
				CLANG_WARN_RANGE_LOOP_ANALYSIS = YES;
				CLANG_WARN_STRICT_PROTOTYPES = YES;
				CLANG_WARN_SUSPICIOUS_MOVE = YES;
				CLANG_WARN_UNGUARDED_AVAILABILITY = YES_AGGRESSIVE;
				CLANG_WARN_UNREACHABLE_CODE = YES;
				CLANG_WARN__DUPLICATE_METHOD_MATCH = YES;
				COPY_PHASE_STRIP = NO;
				DEBUG_INFORMATION_FORMAT = "dwarf-with-dsym";
				ENABLE_NS_ASSERTIONS = NO;
				ENABLE_STRICT_OBJC_MSGSEND = YES;
				ENABLE_USER_SCRIPT_SANDBOXING = NO;
				GCC_C_LANGUAGE_STANDARD = gnu17;
				GCC_NO_COMMON_BLOCKS = YES;
				GCC_WARN_64_TO_32_BIT_CONVERSION = YES;
				GCC_WARN_ABOUT_RETURN_TYPE = YES_ERROR;
				GCC_WARN_UNDECLARED_SELECTOR = YES;
				GCC_WARN_UNINITIALIZED_AUTOS = YES_AGGRESSIVE;
				GCC_WARN_UNUSED_FUNCTION = YES;
				GCC_WARN_UNUSED_VARIABLE = YES;
				IPHONEOS_DEPLOYMENT_TARGET = 17.0;
				LOCALIZATION_PREFERS_STRING_CATALOGS = YES;
				MTL_ENABLE_DEBUG_INFO = NO;
				MTL_FAST_MATH = YES;
				SDKROOT = iphoneos;
				SWIFT_COMPILATION_MODE = wholemodule;
				VALIDATE_PRODUCT = YES;
			};
			name = Release;
		};
		4F31503A2BCADEB60040EEFD /* Debug */ = {
			isa = XCBuildConfiguration;
			baseConfigurationReference = 65C91DB2221BD0CC812E0F94 /* Pods-SCUL-iOS.debug.xcconfig */;
			buildSettings = {
				ASSETCATALOG_COMPILER_APPICON_NAME = AppIcon;
				ASSETCATALOG_COMPILER_GLOBAL_ACCENT_COLOR_NAME = AccentColor;
				CODE_SIGN_STYLE = Automatic;
				CURRENT_PROJECT_VERSION = 1;
				GENERATE_INFOPLIST_FILE = YES;
				INFOPLIST_FILE = "SCUL-iOS/Project/App/Support/Info.plist";
				INFOPLIST_KEY_UIApplicationSupportsIndirectInputEvents = YES;
				INFOPLIST_KEY_UILaunchStoryboardName = LaunchScreen;
				INFOPLIST_KEY_UISupportedInterfaceOrientations_iPad = "UIInterfaceOrientationPortrait UIInterfaceOrientationPortraitUpsideDown UIInterfaceOrientationLandscapeLeft UIInterfaceOrientationLandscapeRight";
				INFOPLIST_KEY_UISupportedInterfaceOrientations_iPhone = "UIInterfaceOrientationPortrait UIInterfaceOrientationLandscapeLeft UIInterfaceOrientationLandscapeRight";
				LD_RUNPATH_SEARCH_PATHS = (
					"$(inherited)",
					"@executable_path/Frameworks",
				);
				MARKETING_VERSION = 1.0;
				PRODUCT_BUNDLE_IDENTIFIER = "aa.SCUL-iOS";
				PRODUCT_NAME = "$(TARGET_NAME)";
				SWIFT_EMIT_LOC_STRINGS = YES;
				SWIFT_VERSION = 5.0;
				TARGETED_DEVICE_FAMILY = "1,2";
			};
			name = Debug;
		};
		4F31503B2BCADEB60040EEFD /* Release */ = {
			isa = XCBuildConfiguration;
			baseConfigurationReference = 6A48DE9F69E6CD0DD3506B3F /* Pods-SCUL-iOS.release.xcconfig */;
			buildSettings = {
				ASSETCATALOG_COMPILER_APPICON_NAME = AppIcon;
				ASSETCATALOG_COMPILER_GLOBAL_ACCENT_COLOR_NAME = AccentColor;
				CODE_SIGN_STYLE = Automatic;
				CURRENT_PROJECT_VERSION = 1;
				GENERATE_INFOPLIST_FILE = YES;
				INFOPLIST_FILE = "SCUL-iOS/Project/App/Support/Info.plist";
				INFOPLIST_KEY_UIApplicationSupportsIndirectInputEvents = YES;
				INFOPLIST_KEY_UILaunchStoryboardName = LaunchScreen;
				INFOPLIST_KEY_UISupportedInterfaceOrientations_iPad = "UIInterfaceOrientationPortrait UIInterfaceOrientationPortraitUpsideDown UIInterfaceOrientationLandscapeLeft UIInterfaceOrientationLandscapeRight";
				INFOPLIST_KEY_UISupportedInterfaceOrientations_iPhone = "UIInterfaceOrientationPortrait UIInterfaceOrientationLandscapeLeft UIInterfaceOrientationLandscapeRight";
				LD_RUNPATH_SEARCH_PATHS = (
					"$(inherited)",
					"@executable_path/Frameworks",
				);
				MARKETING_VERSION = 1.0;
				PRODUCT_BUNDLE_IDENTIFIER = "aa.SCUL-iOS";
				PRODUCT_NAME = "$(TARGET_NAME)";
				SWIFT_EMIT_LOC_STRINGS = YES;
				SWIFT_VERSION = 5.0;
				TARGETED_DEVICE_FAMILY = "1,2";
			};
			name = Release;
		};
/* End XCBuildConfiguration section */

/* Begin XCConfigurationList section */
		4F3150202BCADEB40040EEFD /* Build configuration list for PBXProject "SCUL-iOS" */ = {
			isa = XCConfigurationList;
			buildConfigurations = (
				4F3150372BCADEB60040EEFD /* Debug */,
				4F3150382BCADEB60040EEFD /* Release */,
			);
			defaultConfigurationIsVisible = 0;
			defaultConfigurationName = Release;
		};
		4F3150392BCADEB60040EEFD /* Build configuration list for PBXNativeTarget "SCUL-iOS" */ = {
			isa = XCConfigurationList;
			buildConfigurations = (
				4F31503A2BCADEB60040EEFD /* Debug */,
				4F31503B2BCADEB60040EEFD /* Release */,
			);
			defaultConfigurationIsVisible = 0;
			defaultConfigurationName = Release;
		};
/* End XCConfigurationList section */
	};
	rootObject = 4F31501D2BCADEB40040EEFD /* Project object */;
}
